
Microsoft Visual Studio Solution File, Format Version 10.00
# Visual Studio 2008
Project("{8BC9CEB8-8B4A-11D0-8D11-00A0C91BC942}") = "PinMAME32", "PinMAME32_VC2002.vcproj", "{5FB38C5B-8593-43F8-B6AC-1DAA58DF7CF5}"
EndProject
Project("{8BC9CEB8-8B4A-11D0-8D11-00A0C91BC942}") = "PinMameNet", "PinMameNet\PinMameNet.vcproj", "{81B648EE-8EC5-4EFF-A29F-CDB470590FE0}"
EndProject
Global
	GlobalSection(SolutionConfigurationPlatforms) = preSolution
		Debug with MAME Debugger|Win32 = Debug with MAME Debugger|Win32
		Debug|Win32 = Debug|Win32
		Release with MAME Debugger|Win32 = Release with MAME Debugger|Win32
		Release|Win32 = Release|Win32
	EndGlobalSection
	GlobalSection(ProjectConfigurationPlatforms) = postSolution
		{5FB38C5B-8593-43F8-B6AC-1DAA58DF7CF5}.Debug with MAME Debugger|Win32.ActiveCfg = Debug with MAME Debugger|Win32
		{5FB38C5B-8593-43F8-B6AC-1DAA58DF7CF5}.Debug with MAME Debugger|Win32.Build.0 = Debug with MAME Debugger|Win32
		{5FB38C5B-8593-43F8-B6AC-1DAA58DF7CF5}.Debug|Win32.ActiveCfg = Debug|Win32
		{5FB38C5B-8593-43F8-B6AC-1DAA58DF7CF5}.Debug|Win32.Build.0 = Debug|Win32
		{5FB38C5B-8593-43F8-B6AC-1DAA58DF7CF5}.Release with MAME Debugger|Win32.ActiveCfg = Release with MAME Debugger|Win32
		{5FB38C5B-8593-43F8-B6AC-1DAA58DF7CF5}.Release with MAME Debugger|Win32.Build.0 = Release with MAME Debugger|Win32
		{5FB38C5B-8593-43F8-B6AC-1DAA58DF7CF5}.Release|Win32.ActiveCfg = Release|Win32
		{5FB38C5B-8593-43F8-B6AC-1DAA58DF7CF5}.Release|Win32.Build.0 = Release|Win32
		{81B648EE-8EC5-4EFF-A29F-CDB470590FE0}.Debug with MAME Debugger|Win32.ActiveCfg = Debug|Win32
		{81B648EE-8EC5-4EFF-A29F-CDB470590FE0}.Debug with MAME Debugger|Win32.Build.0 = Debug|Win32
		{81B648EE-8EC5-4EFF-A29F-CDB470590FE0}.Debug|Win32.ActiveCfg = Debug|Win32
		{81B648EE-8EC5-4EFF-A29F-CDB470590FE0}.Debug|Win32.Build.0 = Debug|Win32
		{81B648EE-8EC5-4EFF-A29F-CDB470590FE0}.Release with MAME Debugger|Win32.ActiveCfg = Release|Win32
		{81B648EE-8EC5-4EFF-A29F-CDB470590FE0}.Release with MAME Debugger|Win32.Build.0 = Release|Win32
		{81B648EE-8EC5-4EFF-A29F-CDB470590FE0}.Release|Win32.ActiveCfg = Release|Win32
		{81B648EE-8EC5-4EFF-A29F-CDB470590FE0}.Release|Win32.Build.0 = Release|Win32
	EndGlobalSection
	GlobalSection(SolutionProperties) = preSolution
		HideSolutionNode = FALSE
	EndGlobalSection
EndGlobal
